
Microsoft Visual Studio Solution File, Format Version 12.00
# Visual Studio Version 17
VisualStudioVersion = 17.12.35527.113
MinimumVisualStudioVersion = 10.0.40219.1
Project("{2150E333-8FDC-42A3-9474-1A3956D46DE8}") = "Services", "Services", "{ED007FAD-5FEC-4018-A413-B4809096B727}"
EndProject
Project("{2150E333-8FDC-42A3-9474-1A3956D46DE8}") = "Catalog", "Catalog", "{7E911547-39D1-4CBB-92F2-CCDFD10BC95C}"
EndProject
Project("{FAE04EC0-301F-11D3-BF4B-00C04F79EFBC}") = "Catalog.API", "Services\Catalog\Catalog.API\Catalog.API.csproj", "{6B8AA529-B0E3-468A-8990-64D0EB9548E3}"
EndProject
Project("{2150E333-8FDC-42A3-9474-1A3956D46DE8}") = "BuildingBlocks", "BuildingBlocks", "{3147A913-4A73-43D2-A996-A0C422CD1699}"
EndProject
Project("{FAE04EC0-301F-11D3-BF4B-00C04F79EFBC}") = "BuildingBlocks", "BuildingBlocks\BuildingBlocks\BuildingBlocks.csproj", "{8C449BDB-572D-470A-B4CF-C846518CA014}"
EndProject
Project("{E53339B2-1760-4266-BCC7-CA923CBCF16C}") = "docker-compose", "docker-compose.dcproj", "{81DDED9D-158B-E303-5F62-77A2896D2A5A}"
EndProject
Project("{2150E333-8FDC-42A3-9474-1A3956D46DE8}") = "Basket", "Basket", "{02EA681E-C7D8-13C7-8484-4AC65E1B71E8}"
EndProject
Project("{FAE04EC0-301F-11D3-BF4B-00C04F79EFBC}") = "Basket.API", "Services\Basket\Basket.API\Basket.API.csproj", "{9F9E78E0-3EBA-474F-9C49-18081F87F7CB}"
EndProject
Project("{2150E333-8FDC-42A3-9474-1A3956D46DE8}") = "Discount", "Discount", "{707F9CCC-7613-44DC-B25A-78B72F5C6F8A}"
EndProject
Project("{FAE04EC0-301F-11D3-BF4B-00C04F79EFBC}") = "Discount.Grpc", "Services\Discount\Discount.Grpc\Discount.Grpc.csproj", "{9FE7A700-6636-4B32-8305-4B2471DC373C}"
EndProject
Project("{2150E333-8FDC-42A3-9474-1A3956D46DE8}") = "Ordering", "Ordering", "{AB274B58-1A8D-407B-84E5-C5F203DFC573}"
EndProject
Project("{FAE04EC0-301F-11D3-BF4B-00C04F79EFBC}") = "Ordering.API", "Services\Ordering\Ordering.API\Ordering.API.csproj", "{CA3E0A2D-8091-47C9-909F-BDAA0AE96EA1}"
EndProject
Project("{FAE04EC0-301F-11D3-BF4B-00C04F79EFBC}") = "Ordering.Domain", "Services\Ordering\Ordering.Domain\Ordering.Domain.csproj", "{4BA26828-A3EA-42AE-A937-52E97F31D113}"
EndProject
Project("{FAE04EC0-301F-11D3-BF4B-00C04F79EFBC}") = "Ordering.Application", "Services\Ordering\Ordering.Application\Ordering.Application.csproj", "{0A7FE159-F07A-4CBB-B262-62181BAE47F3}"
EndProject
Project("{FAE04EC0-301F-11D3-BF4B-00C04F79EFBC}") = "Ordering.Infrastructure", "Services\Ordering\Ordering.Infrastructure\Ordering.Infrastructure.csproj", "{8E39F05F-70A3-4D25-BA10-644499CA77FB}"
EndProject
Global
	GlobalSection(SolutionConfigurationPlatforms) = preSolution
		Debug|Any CPU = Debug|Any CPU
		Release|Any CPU = Release|Any CPU
	EndGlobalSection
	GlobalSection(ProjectConfigurationPlatforms) = postSolution
		{6B8AA529-B0E3-468A-8990-64D0EB9548E3}.Debug|Any CPU.ActiveCfg = Debug|Any CPU
		{6B8AA529-B0E3-468A-8990-64D0EB9548E3}.Debug|Any CPU.Build.0 = Debug|Any CPU
		{6B8AA529-B0E3-468A-8990-64D0EB9548E3}.Release|Any CPU.ActiveCfg = Release|Any CPU
		{6B8AA529-B0E3-468A-8990-64D0EB9548E3}.Release|Any CPU.Build.0 = Release|Any CPU
		{8C449BDB-572D-470A-B4CF-C846518CA014}.Debug|Any CPU.ActiveCfg = Debug|Any CPU
		{8C449BDB-572D-470A-B4CF-C846518CA014}.Debug|Any CPU.Build.0 = Debug|Any CPU
		{8C449BDB-572D-470A-B4CF-C846518CA014}.Release|Any CPU.ActiveCfg = Release|Any CPU
		{8C449BDB-572D-470A-B4CF-C846518CA014}.Release|Any CPU.Build.0 = Release|Any CPU
		{81DDED9D-158B-E303-5F62-77A2896D2A5A}.Debug|Any CPU.ActiveCfg = Debug|Any CPU
		{81DDED9D-158B-E303-5F62-77A2896D2A5A}.Debug|Any CPU.Build.0 = Debug|Any CPU
		{81DDED9D-158B-E303-5F62-77A2896D2A5A}.Release|Any CPU.ActiveCfg = Release|Any CPU
		{81DDED9D-158B-E303-5F62-77A2896D2A5A}.Release|Any CPU.Build.0 = Release|Any CPU
		{9F9E78E0-3EBA-474F-9C49-18081F87F7CB}.Debug|Any CPU.ActiveCfg = Debug|Any CPU
		{9F9E78E0-3EBA-474F-9C49-18081F87F7CB}.Debug|Any CPU.Build.0 = Debug|Any CPU
		{9F9E78E0-3EBA-474F-9C49-18081F87F7CB}.Release|Any CPU.ActiveCfg = Release|Any CPU
		{9F9E78E0-3EBA-474F-9C49-18081F87F7CB}.Release|Any CPU.Build.0 = Release|Any CPU
		{9FE7A700-6636-4B32-8305-4B2471DC373C}.Debug|Any CPU.ActiveCfg = Debug|Any CPU
		{9FE7A700-6636-4B32-8305-4B2471DC373C}.Debug|Any CPU.Build.0 = Debug|Any CPU
		{9FE7A700-6636-4B32-8305-4B2471DC373C}.Release|Any CPU.ActiveCfg = Release|Any CPU
		{9FE7A700-6636-4B32-8305-4B2471DC373C}.Release|Any CPU.Build.0 = Release|Any CPU
		{CA3E0A2D-8091-47C9-909F-BDAA0AE96EA1}.Debug|Any CPU.ActiveCfg = Debug|Any CPU
		{CA3E0A2D-8091-47C9-909F-BDAA0AE96EA1}.Debug|Any CPU.Build.0 = Debug|Any CPU
		{CA3E0A2D-8091-47C9-909F-BDAA0AE96EA1}.Release|Any CPU.ActiveCfg = Release|Any CPU
		{CA3E0A2D-8091-47C9-909F-BDAA0AE96EA1}.Release|Any CPU.Build.0 = Release|Any CPU
		{4BA26828-A3EA-42AE-A937-52E97F31D113}.Debug|Any CPU.ActiveCfg = Debug|Any CPU
		{4BA26828-A3EA-42AE-A937-52E97F31D113}.Debug|Any CPU.Build.0 = Debug|Any CPU
		{4BA26828-A3EA-42AE-A937-52E97F31D113}.Release|Any CPU.ActiveCfg = Release|Any CPU
		{4BA26828-A3EA-42AE-A937-52E97F31D113}.Release|Any CPU.Build.0 = Release|Any CPU
		{0A7FE159-F07A-4CBB-B262-62181BAE47F3}.Debug|Any CPU.ActiveCfg = Debug|Any CPU
		{0A7FE159-F07A-4CBB-B262-62181BAE47F3}.Debug|Any CPU.Build.0 = Debug|Any CPU
		{0A7FE159-F07A-4CBB-B262-62181BAE47F3}.Release|Any CPU.ActiveCfg = Release|Any CPU
		{0A7FE159-F07A-4CBB-B262-62181BAE47F3}.Release|Any CPU.Build.0 = Release|Any CPU
		{8E39F05F-70A3-4D25-BA10-644499CA77FB}.Debug|Any CPU.ActiveCfg = Debug|Any CPU
		{8E39F05F-70A3-4D25-BA10-644499CA77FB}.Debug|Any CPU.Build.0 = Debug|Any CPU
		{8E39F05F-70A3-4D25-BA10-644499CA77FB}.Release|Any CPU.ActiveCfg = Release|Any CPU
		{8E39F05F-70A3-4D25-BA10-644499CA77FB}.Release|Any CPU.Build.0 = Release|Any CPU
	EndGlobalSection
	GlobalSection(SolutionProperties) = preSolution
		HideSolutionNode = FALSE
	EndGlobalSection
	GlobalSection(NestedProjects) = preSolution
		{7E911547-39D1-4CBB-92F2-CCDFD10BC95C} = {ED007FAD-5FEC-4018-A413-B4809096B727}
		{6B8AA529-B0E3-468A-8990-64D0EB9548E3} = {7E911547-39D1-4CBB-92F2-CCDFD10BC95C}
		{8C449BDB-572D-470A-B4CF-C846518CA014} = {3147A913-4A73-43D2-A996-A0C422CD1699}
		{02EA681E-C7D8-13C7-8484-4AC65E1B71E8} = {ED007FAD-5FEC-4018-A413-B4809096B727}
		{9F9E78E0-3EBA-474F-9C49-18081F87F7CB} = {02EA681E-C7D8-13C7-8484-4AC65E1B71E8}
		{707F9CCC-7613-44DC-B25A-78B72F5C6F8A} = {ED007FAD-5FEC-4018-A413-B4809096B727}
		{9FE7A700-6636-4B32-8305-4B2471DC373C} = {707F9CCC-7613-44DC-B25A-78B72F5C6F8A}
		{AB274B58-1A8D-407B-84E5-C5F203DFC573} = {ED007FAD-5FEC-4018-A413-B4809096B727}
		{CA3E0A2D-8091-47C9-909F-BDAA0AE96EA1} = {AB274B58-1A8D-407B-84E5-C5F203DFC573}
		{4BA26828-A3EA-42AE-A937-52E97F31D113} = {AB274B58-1A8D-407B-84E5-C5F203DFC573}
		{0A7FE159-F07A-4CBB-B262-62181BAE47F3} = {AB274B58-1A8D-407B-84E5-C5F203DFC573}
		{8E39F05F-70A3-4D25-BA10-644499CA77FB} = {AB274B58-1A8D-407B-84E5-C5F203DFC573}
	EndGlobalSection
	GlobalSection(ExtensibilityGlobals) = postSolution
		SolutionGuid = {E9A5B143-BEDB-47CF-B65C-E7EF9E66F787}
	EndGlobalSection
EndGlobal
